// !$*UTF8*$!
{
	archiveVersion = 1;
	classes = {
	};
	objectVersion = 56;
	objects = {

/* Begin PBXBuildFile section */
		DAB11B17299BC51B00C32B2F /* AppDelegate.swift in Sources */ = {isa = PBXBuildFile; fileRef = DAB11B16299BC51B00C32B2F /* AppDelegate.swift */; };
		DAB11B19299BC51B00C32B2F /* SceneDelegate.swift in Sources */ = {isa = PBXBuildFile; fileRef = DAB11B18299BC51B00C32B2F /* SceneDelegate.swift */; };
		DAB11B1E299BC51B00C32B2F /* Main.storyboard in Resources */ = {isa = PBXBuildFile; fileRef = DAB11B1C299BC51B00C32B2F /* Main.storyboard */; };
		DAB11B20299BC51D00C32B2F /* Assets.xcassets in Resources */ = {isa = PBXBuildFile; fileRef = DAB11B1F299BC51D00C32B2F /* Assets.xcassets */; };
		DAB11B23299BC51D00C32B2F /* LaunchScreen.storyboard in Resources */ = {isa = PBXBuildFile; fileRef = DAB11B21299BC51D00C32B2F /* LaunchScreen.storyboard */; };
		DAB11B2B299BC74700C32B2F /* EmojiTableViewController.swift in Sources */ = {isa = PBXBuildFile; fileRef = DAB11B2A299BC74700C32B2F /* EmojiTableViewController.swift */; };
		DAB11B2D299BD03000C32B2F /* EmojiTableViewCell.swift in Sources */ = {isa = PBXBuildFile; fileRef = DAB11B2C299BD03000C32B2F /* EmojiTableViewCell.swift */; };
		DAB11B31299BD37300C32B2F /* Emoji.swift in Sources */ = {isa = PBXBuildFile; fileRef = DAB11B30299BD37300C32B2F /* Emoji.swift */; };
		DAD4CDE6299BE5A60014AD61 /* NewEmojiTableViewController.swift in Sources */ = {isa = PBXBuildFile; fileRef = DAD4CDE5299BE5A60014AD61 /* NewEmojiTableViewController.swift */; };
/* End PBXBuildFile section */

/* Begin PBXFileReference section */
		DAB11B13299BC51B00C32B2F /* EmojiReader.app */ = {isa = PBXFileReference; explicitFileType = wrapper.application; includeInIndex = 0; path = EmojiReader.app; sourceTree = BUILT_PRODUCTS_DIR; };
		DAB11B16299BC51B00C32B2F /* AppDelegate.swift */ = {isa = PBXFileReference; lastKnownFileType = sourcecode.swift; path = AppDelegate.swift; sourceTree = "<group>"; };
		DAB11B18299BC51B00C32B2F /* SceneDelegate.swift */ = {isa = PBXFileReference; lastKnownFileType = sourcecode.swift; path = SceneDelegate.swift; sourceTree = "<group>"; };
		DAB11B1D299BC51B00C32B2F /* Base */ = {isa = PBXFileReference; lastKnownFileType = file.storyboard; name = Base; path = Base.lproj/Main.storyboard; sourceTree = "<group>"; };
		DAB11B1F299BC51D00C32B2F /* Assets.xcassets */ = {isa = PBXFileReference; lastKnownFileType = folder.assetcatalog; path = Assets.xcassets; sourceTree = "<group>"; };
		DAB11B22299BC51D00C32B2F /* Base */ = {isa = PBXFileReference; lastKnownFileType = file.storyboard; name = Base; path = Base.lproj/LaunchScreen.storyboard; sourceTree = "<group>"; };
		DAB11B24299BC51D00C32B2F /* Info.plist */ = {isa = PBXFileReference; lastKnownFileType = text.plist.xml; path = Info.plist; sourceTree = "<group>"; };
		DAB11B2A299BC74700C32B2F /* EmojiTableViewController.swift */ = {isa = PBXFileReference; lastKnownFileType = sourcecode.swift; path = EmojiTableViewController.swift; sourceTree = "<group>"; };
		DAB11B2C299BD03000C32B2F /* EmojiTableViewCell.swift */ = {isa = PBXFileReference; lastKnownFileType = sourcecode.swift; path = EmojiTableViewCell.swift; sourceTree = "<group>"; };
		DAB11B30299BD37300C32B2F /* Emoji.swift */ = {isa = PBXFileReference; lastKnownFileType = sourcecode.swift; path = Emoji.swift; sourceTree = "<group>"; };
		DAD4CDE5299BE5A60014AD61 /* NewEmojiTableViewController.swift */ = {isa = PBXFileReference; lastKnownFileType = sourcecode.swift; path = NewEmojiTableViewController.swift; sourceTree = "<group>"; };
/* End PBXFileReference section */

/* Begin PBXFrameworksBuildPhase section */
		DAB11B10299BC51B00C32B2F /* Frameworks */ = {
			isa = PBXFrameworksBuildPhase;
			buildActionMask = 2147483647;
			files = (
			);
			runOnlyForDeploymentPostprocessing = 0;
		};
/* End PBXFrameworksBuildPhase section */

/* Begin PBXGroup section */
		DA28E2B4299C0FEF005B1D04 /* App */ = {
			isa = PBXGroup;
			children = (
				DAB11B16299BC51B00C32B2F /* AppDelegate.swift */,
				DAB11B18299BC51B00C32B2F /* SceneDelegate.swift */,
				DAB11B24299BC51D00C32B2F /* Info.plist */,
			);
			path = App;
			sourceTree = "<group>";
		};
		DA28E2B5299C1003005B1D04 /* Storyboards */ = {
			isa = PBXGroup;
			children = (
				DAB11B1C299BC51B00C32B2F /* Main.storyboard */,
				DAB11B21299BC51D00C32B2F /* LaunchScreen.storyboard */,
			);
			path = Storyboards;
			sourceTree = "<group>";
		};
		DA28E2B6299C101B005B1D04 /* Resources */ = {
			isa = PBXGroup;
			children = (
				DAB11B1F299BC51D00C32B2F /* Assets.xcassets */,
			);
			path = Resources;
			sourceTree = "<group>";
		};
		DAB11B0A299BC51B00C32B2F = {
			isa = PBXGroup;
			children = (
				DAB11B15299BC51B00C32B2F /* EmojiReader */,
				DAB11B14299BC51B00C32B2F /* Products */,
			);
			sourceTree = "<group>";
		};
		DAB11B14299BC51B00C32B2F /* Products */ = {
			isa = PBXGroup;
			children = (
				DAB11B13299BC51B00C32B2F /* EmojiReader.app */,
			);
			name = Products;
			sourceTree = "<group>";
		};
		DAB11B15299BC51B00C32B2F /* EmojiReader */ = {
			isa = PBXGroup;
			children = (
				DA28E2B4299C0FEF005B1D04 /* App */,
				DAB11B2E299BD32900C32B2F /* ViewControllers */,
				DAB11B2F299BD34400C32B2F /* Models */,
				DA28E2B5299C1003005B1D04 /* Storyboards */,
				DA28E2B6299C101B005B1D04 /* Resources */,
			);
			path = EmojiReader;
			sourceTree = "<group>";
		};
		DAB11B2E299BD32900C32B2F /* ViewControllers */ = {
			isa = PBXGroup;
			children = (
				DAB11B2A299BC74700C32B2F /* EmojiTableViewController.swift */,
				DAB11B2C299BD03000C32B2F /* EmojiTableViewCell.swift */,
				DAD4CDE5299BE5A60014AD61 /* NewEmojiTableViewController.swift */,
			);
			path = ViewControllers;
			sourceTree = "<group>";
		};
		DAB11B2F299BD34400C32B2F /* Models */ = {
			isa = PBXGroup;
			children = (
				DAB11B30299BD37300C32B2F /* Emoji.swift */,
			);
			path = Models;
			sourceTree = "<group>";
		};
/* End PBXGroup section */

/* Begin PBXNativeTarget section */
		DAB11B12299BC51B00C32B2F /* EmojiReader */ = {
			isa = PBXNativeTarget;
			buildConfigurationList = DAB11B27299BC51D00C32B2F /* Build configuration list for PBXNativeTarget "EmojiReader" */;
			buildPhases = (
				DAB11B0F299BC51B00C32B2F /* Sources */,
				DAB11B10299BC51B00C32B2F /* Frameworks */,
				DAB11B11299BC51B00C32B2F /* Resources */,
			);
			buildRules = (
			);
			dependencies = (
			);
			name = EmojiReader;
			productName = EmojiReader;
			productReference = DAB11B13299BC51B00C32B2F /* EmojiReader.app */;
			productType = "com.apple.product-type.application";
		};
/* End PBXNativeTarget section */

/* Begin PBXProject section */
		DAB11B0B299BC51B00C32B2F /* Project object */ = {
			isa = PBXProject;
			attributes = {
				BuildIndependentTargetsInParallel = 1;
				LastSwiftUpdateCheck = 1420;
				LastUpgradeCheck = 1420;
				TargetAttributes = {
					DAB11B12299BC51B00C32B2F = {
						CreatedOnToolsVersion = 14.2;
					};
				};
			};
			buildConfigurationList = DAB11B0E299BC51B00C32B2F /* Build configuration list for PBXProject "EmojiReader" */;
			compatibilityVersion = "Xcode 14.0";
			developmentRegion = en;
			hasScannedForEncodings = 0;
			knownRegions = (
				en,
				Base,
			);
			mainGroup = DAB11B0A299BC51B00C32B2F;
			productRefGroup = DAB11B14299BC51B00C32B2F /* Products */;
			projectDirPath = "";
			projectRoot = "";
			targets = (
				DAB11B12299BC51B00C32B2F /* EmojiReader */,
			);
		};
/* End PBXProject section */

/* Begin PBXResourcesBuildPhase section */
		DAB11B11299BC51B00C32B2F /* Resources */ = {
			isa = PBXResourcesBuildPhase;
			buildActionMask = 2147483647;
			files = (
				DAB11B23299BC51D00C32B2F /* LaunchScreen.storyboard in Resources */,
				DAB11B20299BC51D00C32B2F /* Assets.xcassets in Resources */,
				DAB11B1E299BC51B00C32B2F /* Main.storyboard in Resources */,
			);
			runOnlyForDeploymentPostprocessing = 0;
		};
/* End PBXResourcesBuildPhase section */

/* Begin PBXSourcesBuildPhase section */
		DAB11B0F299BC51B00C32B2F /* Sources */ = {
			isa = PBXSourcesBuildPhase;
			buildActionMask = 2147483647;
			files = (
				DAB11B31299BD37300C32B2F /* Emoji.swift in Sources */,
				DAD4CDE6299BE5A60014AD61 /* NewEmojiTableViewController.swift in Sources */,
				DAB11B2B299BC74700C32B2F /* EmojiTableViewController.swift in Sources */,
				DAB11B2D299BD03000C32B2F /* EmojiTableViewCell.swift in Sources */,
				DAB11B17299BC51B00C32B2F /* AppDelegate.swift in Sources */,
				DAB11B19299BC51B00C32B2F /* SceneDelegate.swift in Sources */,
			);
			runOnlyForDeploymentPostprocessing = 0;
		};
/* End PBXSourcesBuildPhase section */

/* Begin PBXVariantGroup section */
		DAB11B1C299BC51B00C32B2F /* Main.storyboard */ = {
			isa = PBXVariantGroup;
			children = (
				DAB11B1D299BC51B00C32B2F /* Base */,
			);
			name = Main.storyboard;
			sourceTree = "<group>";
		};
		DAB11B21299BC51D00C32B2F /* LaunchScreen.storyboard */ = {
			isa = PBXVariantGroup;
			children = (
				DAB11B22299BC51D00C32B2F /* Base */,
			);
			name = LaunchScreen.storyboard;
			sourceTree = "<group>";
		};
/* End PBXVariantGroup section */

/* Begin XCBuildConfiguration section */
		DAB11B25299BC51D00C32B2F /* Debug */ = {
			isa = XCBuildConfiguration;
			buildSettings = {
				ALWAYS_SEARCH_USER_PATHS = NO;
				CLANG_ANALYZER_NONNULL = YES;
				CLANG_ANALYZER_NUMBER_OBJECT_CONVERSION = YES_AGGRESSIVE;
				CLANG_CXX_LANGUAGE_STANDARD = "gnu++20";
				CLANG_ENABLE_MODULES = YES;
				CLANG_ENABLE_OBJC_ARC = YES;
				CLANG_ENABLE_OBJC_WEAK = YES;
				CLANG_WARN_BLOCK_CAPTURE_AUTORELEASING = YES;
				CLANG_WARN_BOOL_CONVERSION = YES;
				CLANG_WARN_COMMA = YES;
				CLANG_WARN_CONSTANT_CONVERSION = YES;
				CLANG_WARN_DEPRECATED_OBJC_IMPLEMENTATIONS = YES;
				CLANG_WARN_DIRECT_OBJC_ISA_USAGE = YES_ERROR;
				CLANG_WARN_DOCUMENTATION_COMMENTS = YES;
				CLANG_WARN_EMPTY_BODY = YES;
				CLANG_WARN_ENUM_CONVERSION = YES;
				CLANG_WARN_INFINITE_RECURSION = YES;
				CLANG_WARN_INT_CONVERSION = YES;
				CLANG_WARN_NON_LITERAL_NULL_CONVERSION = YES;
				CLANG_WARN_OBJC_IMPLICIT_RETAIN_SELF = YES;
				CLANG_WARN_OBJC_LITERAL_CONVERSION = YES;
				CLANG_WARN_OBJC_ROOT_CLASS = YES_ERROR;
				CLANG_WARN_QUOTED_INCLUDE_IN_FRAMEWORK_HEADER = YES;
				CLANG_WARN_RANGE_LOOP_ANALYSIS = YES;
				CLANG_WARN_STRICT_PROTOTYPES = YES;
				CLANG_WARN_SUSPICIOUS_MOVE = YES;
				CLANG_WARN_UNGUARDED_AVAILABILITY = YES_AGGRESSIVE;
				CLANG_WARN_UNREACHABLE_CODE = YES;
				CLANG_WARN__DUPLICATE_METHOD_MATCH = YES;
				COPY_PHASE_STRIP = NO;
				DEBUG_INFORMATION_FORMAT = dwarf;
				ENABLE_STRICT_OBJC_MSGSEND = YES;
				ENABLE_TESTABILITY = YES;
				GCC_C_LANGUAGE_STANDARD = gnu11;
				GCC_DYNAMIC_NO_PIC = NO;
				GCC_NO_COMMON_BLOCKS = YES;
				GCC_OPTIMIZATION_LEVEL = 0;
				GCC_PREPROCESSOR_DEFINITIONS = (
					"DEBUG=1",
					"$(inherited)",
				);
				GCC_WARN_64_TO_32_BIT_CONVERSION = YES;
				GCC_WARN_ABOUT_RETURN_TYPE = YES_ERROR;
				GCC_WARN_UNDECLARED_SELECTOR = YES;
				GCC_WARN_UNINITIALIZED_AUTOS = YES_AGGRESSIVE;
				GCC_WARN_UNUSED_FUNCTION = YES;
				GCC_WARN_UNUSED_VARIABLE = YES;
				IPHONEOS_DEPLOYMENT_TARGET = 16.2;
				MTL_ENABLE_DEBUG_INFO = INCLUDE_SOURCE;
				MTL_FAST_MATH = YES;
				ONLY_ACTIVE_ARCH = YES;
				SDKROOT = iphoneos;
				SWIFT_ACTIVE_COMPILATION_CONDITIONS = DEBUG;
				SWIFT_OPTIMIZATION_LEVEL = "-Onone";
			};
			name = Debug;
		};
		DAB11B26299BC51D00C32B2F /* Release */ = {
			isa = XCBuildConfiguration;
			buildSettings = {
				ALWAYS_SEARCH_USER_PATHS = NO;
				CLANG_ANALYZER_NONNULL = YES;
				CLANG_ANALYZER_NUMBER_OBJECT_CONVERSION = YES_AGGRESSIVE;
				CLANG_CXX_LANGUAGE_STANDARD = "gnu++20";
				CLANG_ENABLE_MODULES = YES;
				CLANG_ENABLE_OBJC_ARC = YES;
				CLANG_ENABLE_OBJC_WEAK = YES;
				CLANG_WARN_BLOCK_CAPTURE_AUTORELEASING = YES;
				CLANG_WARN_BOOL_CONVERSION = YES;
				CLANG_WARN_COMMA = YES;
				CLANG_WARN_CONSTANT_CONVERSION = YES;
				CLANG_WARN_DEPRECATED_OBJC_IMPLEMENTATIONS = YES;
				CLANG_WARN_DIRECT_OBJC_ISA_USAGE = YES_ERROR;
				CLANG_WARN_DOCUMENTATION_COMMENTS = YES;
				CLANG_WARN_EMPTY_BODY = YES;
				CLANG_WARN_ENUM_CONVERSION = YES;
				CLANG_WARN_INFINITE_RECURSION = YES;
				CLANG_WARN_INT_CONVERSION = YES;
				CLANG_WARN_NON_LITERAL_NULL_CONVERSION = YES;
				CLANG_WARN_OBJC_IMPLICIT_RETAIN_SELF = YES;
				CLANG_WARN_OBJC_LITERAL_CONVERSION = YES;
				CLANG_WARN_OBJC_ROOT_CLASS = YES_ERROR;
				CLANG_WARN_QUOTED_INCLUDE_IN_FRAMEWORK_HEADER = YES;
				CLANG_WARN_RANGE_LOOP_ANALYSIS = YES;
				CLANG_WARN_STRICT_PROTOTYPES = YES;
				CLANG_WARN_SUSPICIOUS_MOVE = YES;
				CLANG_WARN_UNGUARDED_AVAILABILITY = YES_AGGRESSIVE;
				CLANG_WARN_UNREACHABLE_CODE = YES;
				CLANG_WARN__DUPLICATE_METHOD_MATCH = YES;
				COPY_PHASE_STRIP = NO;
				DEBUG_INFORMATION_FORMAT = "dwarf-with-dsym";
				ENABLE_NS_ASSERTIONS = NO;
				ENABLE_STRICT_OBJC_MSGSEND = YES;
				GCC_C_LANGUAGE_STANDARD = gnu11;
				GCC_NO_COMMON_BLOCKS = YES;
				GCC_WARN_64_TO_32_BIT_CONVERSION = YES;
				GCC_WARN_ABOUT_RETURN_TYPE = YES_ERROR;
				GCC_WARN_UNDECLARED_SELECTOR = YES;
				GCC_WARN_UNINITIALIZED_AUTOS = YES_AGGRESSIVE;
				GCC_WARN_UNUSED_FUNCTION = YES;
				GCC_WARN_UNUSED_VARIABLE = YES;
				IPHONEOS_DEPLOYMENT_TARGET = 16.2;
				MTL_ENABLE_DEBUG_INFO = NO;
				MTL_FAST_MATH = YES;
				SDKROOT = iphoneos;
				SWIFT_COMPILATION_MODE = wholemodule;
				SWIFT_OPTIMIZATION_LEVEL = "-O";
				VALIDATE_PRODUCT = YES;
			};
			name = Release;
		};
		DAB11B28299BC51D00C32B2F /* Debug */ = {
			isa = XCBuildConfiguration;
			buildSettings = {
				ASSETCATALOG_COMPILER_APPICON_NAME = AppIcon;
				ASSETCATALOG_COMPILER_GLOBAL_ACCENT_COLOR_NAME = AccentColor;
				CODE_SIGN_STYLE = Automatic;
				CURRENT_PROJECT_VERSION = 1;
				DEVELOPMENT_TEAM = 9M963S5SV4;
				GENERATE_INFOPLIST_FILE = YES;
				INFOPLIST_FILE = EmojiReader/App/Info.plist;
				INFOPLIST_KEY_UIApplicationSupportsIndirectInputEvents = YES;
				INFOPLIST_KEY_UILaunchStoryboardName = LaunchScreen;
				INFOPLIST_KEY_UIMainStoryboardFile = Main;
				INFOPLIST_KEY_UISupportedInterfaceOrientations = UIInterfaceOrientationPortrait;
				INFOPLIST_KEY_UISupportedInterfaceOrientations_iPad = "UIInterfaceOrientationLandscapeLeft UIInterfaceOrientationLandscapeRight UIInterfaceOrientationPortrait UIInterfaceOrientationPortraitUpsideDown";
				IPHONEOS_DEPLOYMENT_TARGET = 15.5;
				LD_RUNPATH_SEARCH_PATHS = (
					"$(inherited)",
					"@executable_path/Frameworks",
				);
				MARKETING_VERSION = 1.0;
				PRODUCT_BUNDLE_IDENTIFIER = "Nikita-Chekan.EmojiReader";
				PRODUCT_NAME = "$(TARGET_NAME)";
				SUPPORTED_PLATFORMS = "iphoneos iphonesimulator";
				SUPPORTS_MACCATALYST = NO;
				SUPPORTS_MAC_DESIGNED_FOR_IPHONE_IPAD = NO;
				SWIFT_EMIT_LOC_STRINGS = YES;
				SWIFT_VERSION = 5.0;
				TARGETED_DEVICE_FAMILY = 1;
			};
			name = Debug;
		};
		DAB11B29299BC51D00C32B2F /* Release */ = {
			isa = XCBuildConfiguration;
			buildSettings = {
				ASSETCATALOG_COMPILER_APPICON_NAME = AppIcon;
				ASSETCATALOG_COMPILER_GLOBAL_ACCENT_COLOR_NAME = AccentColor;
				CODE_SIGN_STYLE = Automatic;
				CURRENT_PROJECT_VERSION = 1;
				DEVELOPMENT_TEAM = 9M963S5SV4;
				GENERATE_INFOPLIST_FILE = YES;
				INFOPLIST_FILE = EmojiReader/App/Info.plist;
				INFOPLIST_KEY_UIApplicationSupportsIndirectInputEvents = YES;
				INFOPLIST_KEY_UILaunchStoryboardName = LaunchScreen;
				INFOPLIST_KEY_UIMainStoryboardFile = Main;
				INFOPLIST_KEY_UISupportedInterfaceOrientations = UIInterfaceOrientationPortrait;
				INFOPLIST_KEY_UISupportedInterfaceOrientations_iPad = "UIInterfaceOrientationLandscapeLeft UIInterfaceOrientationLandscapeRight UIInterfaceOrientationPortrait UIInterfaceOrientationPortraitUpsideDown";
				IPHONEOS_DEPLOYMENT_TARGET = 15.5;
				LD_RUNPATH_SEARCH_PATHS = (
					"$(inherited)",
					"@executable_path/Frameworks",
				);
				MARKETING_VERSION = 1.0;
				PRODUCT_BUNDLE_IDENTIFIER = "Nikita-Chekan.EmojiReader";
				PRODUCT_NAME = "$(TARGET_NAME)";
				SUPPORTED_PLATFORMS = "iphoneos iphonesimulator";
				SUPPORTS_MACCATALYST = NO;
				SUPPORTS_MAC_DESIGNED_FOR_IPHONE_IPAD = NO;
				SWIFT_EMIT_LOC_STRINGS = YES;
				SWIFT_VERSION = 5.0;
				TARGETED_DEVICE_FAMILY = 1;
			};
			name = Release;
		};
/* End XCBuildConfiguration section */

/* Begin XCConfigurationList section */
		DAB11B0E299BC51B00C32B2F /* Build configuration list for PBXProject "EmojiReader" */ = {
			isa = XCConfigurationList;
			buildConfigurations = (
				DAB11B25299BC51D00C32B2F /* Debug */,
				DAB11B26299BC51D00C32B2F /* Release */,
			);
			defaultConfigurationIsVisible = 0;
			defaultConfigurationName = Release;
		};
		DAB11B27299BC51D00C32B2F /* Build configuration list for PBXNativeTarget "EmojiReader" */ = {
			isa = XCConfigurationList;
			buildConfigurations = (
				DAB11B28299BC51D00C32B2F /* Debug */,
				DAB11B29299BC51D00C32B2F /* Release */,
			);
			defaultConfigurationIsVisible = 0;
			defaultConfigurationName = Release;
		};
/* End XCConfigurationList section */
	};
	rootObject = DAB11B0B299BC51B00C32B2F /* Project object */;
}
